
Microsoft Visual Studio Solution File, Format Version 12.00
# Visual Studio 15
VisualStudioVersion = 15.0.28010.2003
MinimumVisualStudioVersion = 10.0.40219.1
Project("{FAE04EC0-301F-11D3-BF4B-00C04F79EFBC}") = "ProjekPPK", "WindowsFormsApp3\ProjekPPK.csproj", "{597EE950-F637-4492-B802-75599A264618}"
EndProject
Project("{FAE04EC0-301F-11D3-BF4B-00C04F79EFBC}") = "Si Indang", "D:\Unibraw\Materi Kuliah\MyProjects\VisualStudioProjects\C#\Si Indang\Si Indang\Si Indang.csproj", "{1105DC8C-9491-4853-B67E-4D5CFC30CB71}"
EndProject
Global
	GlobalSection(SolutionConfigurationPlatforms) = preSolution
		Debug|Any CPU = Debug|Any CPU
		Release|Any CPU = Release|Any CPU
	EndGlobalSection
	GlobalSection(ProjectConfigurationPlatforms) = postSolution
		{597EE950-F637-4492-B802-75599A264618}.Debug|Any CPU.ActiveCfg = Debug|Any CPU
		{597EE950-F637-4492-B802-75599A264618}.Debug|Any CPU.Build.0 = Debug|Any CPU
		{597EE950-F637-4492-B802-75599A264618}.Release|Any CPU.ActiveCfg = Release|Any CPU
		{597EE950-F637-4492-B802-75599A264618}.Release|Any CPU.Build.0 = Release|Any CPU
		{1105DC8C-9491-4853-B67E-4D5CFC30CB71}.Debug|Any CPU.ActiveCfg = Debug|Any CPU
		{1105DC8C-9491-4853-B67E-4D5CFC30CB71}.Debug|Any CPU.Build.0 = Debug|Any CPU
		{1105DC8C-9491-4853-B67E-4D5CFC30CB71}.Release|Any CPU.ActiveCfg = Release|Any CPU
		{1105DC8C-9491-4853-B67E-4D5CFC30CB71}.Release|Any CPU.Build.0 = Release|Any CPU
	EndGlobalSection
	GlobalSection(SolutionProperties) = preSolution
		HideSolutionNode = FALSE
	EndGlobalSection
	GlobalSection(ExtensibilityGlobals) = postSolution
		SolutionGuid = {A260AE01-419B-4327-82E3-F55D14135DE1}
	EndGlobalSection
EndGlobal
